
Microsoft Visual Studio Solution File, Format Version 12.00
# Visual Studio Version 17
VisualStudioVersion = 17.2.32602.215
MinimumVisualStudioVersion = 10.0.40219.1
Project("{FAE04EC0-301F-11D3-BF4B-00C04F79EFBC}") = "PrimeiroPrograma", "PrimeiroPrograma\PrimeiroPrograma.csproj", "{66C7B129-AE80-47B4-803E-8ABA4E228E7D}"
EndProject
Global
	GlobalSection(SolutionConfigurationPlatforms) = preSolution
		Debug|Any CPU = Debug|Any CPU
		Release|Any CPU = Release|Any CPU
	EndGlobalSection
	GlobalSection(ProjectConfigurationPlatforms) = postSolution
		{66C7B129-AE80-47B4-803E-8ABA4E228E7D}.Debug|Any CPU.ActiveCfg = Debug|Any CPU
		{66C7B129-AE80-47B4-803E-8ABA4E228E7D}.Debug|Any CPU.Build.0 = Debug|Any CPU
		{66C7B129-AE80-47B4-803E-8ABA4E228E7D}.Release|Any CPU.ActiveCfg = Release|Any CPU
		{66C7B129-AE80-47B4-803E-8ABA4E228E7D}.Release|Any CPU.Build.0 = Release|Any CPU
	EndGlobalSection
	GlobalSection(SolutionProperties) = preSolution
		HideSolutionNode = FALSE
	EndGlobalSection
	GlobalSection(ExtensibilityGlobals) = postSolution
		SolutionGuid = {7079A2BF-82A4-458D-B789-A992EAFA09AC}
	EndGlobalSection
EndGlobal
